{
  "version": "3",
  "packages": {
    "specifiers": {
      "npm:create-hono@latest": "npm:create-hono@0.10.1"
    },
    "npm": {
      "create-hono@0.10.1": {
        "integrity": "sha512-T5TQR21o9S+8d1mHWqxm2gmf+iyuPGq3ZOfffAYtH7RoKqDhxs5qon7r+2yQv7jJGNyVMkbs8YHzvMRAOpjkSg==",
        "dependencies": {}
      }
    }
  },
  "remote": {},
  "workspace": {
    "packageJson": {
      "dependencies": [
        "npm:@types/node@^20.14.10",
        "npm:@types/react-dom@^18.3.0",
        "npm:@types/react@^18.3.3",
        "npm:@typescript-eslint/eslint-plugin@^7.13.1",
        "npm:@typescript-eslint/parser@^7.13.1",
        "npm:@vitejs/plugin-react-swc@^3.5.0",
        "npm:eslint-plugin-react-hooks@^4.6.2",
        "npm:eslint-plugin-react-refresh@^0.4.7",
        "npm:eslint@^8.57.0",
        "npm:gh-pages@^6.1.1",
        "npm:mapbox-gl@^3.5.1",
        "npm:react-dom@^18.3.1",
        "npm:react@^18.3.1",
        "npm:typescript@^5.2.2",
        "npm:vite@^5.3.1"
      ]
    }
  }
}
